// !$*UTF8*$!
{
	archiveVersion = 1;
	classes = {
	};
	objectVersion = 56;
	objects = {

/* Begin PBXBuildFile section */
		A1234567890ABCDEF1234567890ABCDEF123456 /* WebsiteToiOSAppApp.swift in Sources */ = {isa = PBXBuildFile; fileRef = A1234567890ABCDEF1234567890ABCDEF1234567 /* WebsiteToiOSAppApp.swift */; };
		A1234567890ABCDEF1234567890ABCDEF1234568 /* ContentView.swift in Sources */ = {isa = PBXBuildFile; fileRef = A1234567890ABCDEF1234567890ABCDEF1234569 /* ContentView.swift */; };
		A1234567890ABCDEF1234567890ABCDEF123456A /* Assets.xcassets in Resources */ = {isa = PBXBuildFile; fileRef = A1234567890ABCDEF1234567890ABCDEF123456B /* Assets.xcassets */; };
		A1234567890ABCDEF1234567890ABCDEF123456C /* Preview Assets.xcassets in Resources */ = {isa = PBXBuildFile; fileRef = A1234567890ABCDEF1234567890ABCDEF123456D /* Preview Assets.xcassets */; };
		A1234567890ABCDEF1234567890ABCDEF123456E /* Project.swift in Sources */ = {isa = PBXBuildFile; fileRef = A1234567890ABCDEF1234567890ABCDEF123456F /* Project.swift */; };
		A1234567890ABCDEF1234567890ABCDEF1234570 /* WebsiteConversionViewModel.swift in Sources */ = {isa = PBXBuildFile; fileRef = A1234567890ABCDEF1234567890ABCDEF1234571 /* WebsiteConversionViewModel.swift */; };
		A1234567890ABCDEF1234567890ABCDEF1234572 /* WebsiteAnalyzer.swift in Sources */ = {isa = PBXBuildFile; fileRef = A1234567890ABCDEF1234567890ABCDEF1234573 /* WebsiteAnalyzer.swift */; };
		A1234567890ABCDEF1234567890ABCDEF1234574 /* AICodeGenerator.swift in Sources */ = {isa = PBXBuildFile; fileRef = A1234567890ABCDEF1234567890ABCDEF1234575 /* AICodeGenerator.swift */; };
		A1234567890ABCDEF1234567890ABCDEF1234576 /* OpenAIService.swift in Sources */ = {isa = PBXBuildFile; fileRef = A1234567890ABCDEF1234567890ABCDEF1234577 /* OpenAIService.swift */; };
		A1234567890ABCDEF1234567890ABCDEF1234578 /* OllamaService.swift in Sources */ = {isa = PBXBuildFile; fileRef = A1234567890ABCDEF1234567890ABCDEF1234579 /* OllamaService.swift */; };
		A1234567890ABCDEF1234567890ABCDEF1234580 /* ProjectDetailView.swift in Sources */ = {isa = PBXBuildFile; fileRef = A1234567890ABCDEF1234567890ABCDEF1234581 /* ProjectDetailView.swift */; };
		A1234567890ABCDEF1234567890ABCDEF1234582 /* SettingsView.swift in Sources */ = {isa = PBXBuildFile; fileRef = A1234567890ABCDEF1234567890ABCDEF1234583 /* SettingsView.swift */; };
		A1234567890ABCDEF1234567890ABCDEF1234584 /* ProjectEditView.swift in Sources */ = {isa = PBXBuildFile; fileRef = A1234567890ABCDEF1234567890ABCDEF1234585 /* ProjectEditView.swift */; };
/* End PBXBuildFile section */

/* Begin PBXFileReference section */
		A1234567890ABCDEF1234567890ABCDEF1234566 /* WebsiteToiOSApp.app */ = {isa = PBXFileReference; explicitFileType = wrapper.application; includeInIndex = 0; path = WebsiteToiOSApp.app; sourceTree = BUILT_PRODUCTS_DIR; };
		A1234567890ABCDEF1234567890ABCDEF1234567 /* WebsiteToiOSAppApp.swift */ = {isa = PBXFileReference; lastKnownFileType = sourcecode.swift; path = WebsiteToiOSAppApp.swift; sourceTree = "<group>"; };
		A1234567890ABCDEF1234567890ABCDEF1234569 /* ContentView.swift */ = {isa = PBXFileReference; lastKnownFileType = sourcecode.swift; path = ContentView.swift; sourceTree = "<group>"; };
		A1234567890ABCDEF1234567890ABCDEF123456B /* Assets.xcassets */ = {isa = PBXFileReference; lastKnownFileType = folder.assetcatalog; path = Assets.xcassets; sourceTree = "<group>"; };
		A1234567890ABCDEF1234567890ABCDEF123456D /* Preview Assets.xcassets */ = {isa = PBXFileReference; lastKnownFileType = folder.assetcatalog; path = "Preview Assets.xcassets"; sourceTree = "<group>"; };
		A1234567890ABCDEF1234567890ABCDEF123456F /* Project.swift */ = {isa = PBXFileReference; lastKnownFileType = sourcecode.swift; path = Project.swift; sourceTree = "<group>"; };
		A1234567890ABCDEF1234567890ABCDEF1234571 /* WebsiteConversionViewModel.swift */ = {isa = PBXFileReference; lastKnownFileType = sourcecode.swift; path = WebsiteConversionViewModel.swift; sourceTree = "<group>"; };
		A1234567890ABCDEF1234567890ABCDEF1234573 /* WebsiteAnalyzer.swift */ = {isa = PBXFileReference; lastKnownFileType = sourcecode.swift; path = WebsiteAnalyzer.swift; sourceTree = "<group>"; };
		A1234567890ABCDEF1234567890ABCDEF1234575 /* AICodeGenerator.swift */ = {isa = PBXFileReference; lastKnownFileType = sourcecode.swift; path = AICodeGenerator.swift; sourceTree = "<group>"; };
		A1234567890ABCDEF1234567890ABCDEF1234577 /* OpenAIService.swift */ = {isa = PBXFileReference; lastKnownFileType = sourcecode.swift; path = OpenAIService.swift; sourceTree = "<group>"; };
		A1234567890ABCDEF1234567890ABCDEF1234579 /* OllamaService.swift */ = {isa = PBXFileReference; lastKnownFileType = sourcecode.swift; path = OllamaService.swift; sourceTree = "<group>"; };
		A1234567890ABCDEF1234567890ABCDEF1234581 /* ProjectDetailView.swift */ = {isa = PBXFileReference; lastKnownFileType = sourcecode.swift; path = ProjectDetailView.swift; sourceTree = "<group>"; };
		A1234567890ABCDEF1234567890ABCDEF1234583 /* SettingsView.swift */ = {isa = PBXFileReference; lastKnownFileType = sourcecode.swift; path = SettingsView.swift; sourceTree = "<group>"; };
		A1234567890ABCDEF1234567890ABCDEF1234585 /* ProjectEditView.swift */ = {isa = PBXFileReference; lastKnownFileType = sourcecode.swift; path = ProjectEditView.swift; sourceTree = "<group>"; };
		A1234567890ABCDEF1234567890ABCDEF1234587 /* WebsiteToiOSApp.entitlements */ = {isa = PBXFileReference; lastKnownFileType = text.plist.entitlements; path = WebsiteToiOSApp.entitlements; sourceTree = "<group>"; };
/* End PBXFileReference section */

/* Begin PBXFrameworksBuildPhase section */
		A1234567890ABCDEF1234567890ABCDEF1234563 /* Frameworks */ = {
			isa = PBXFrameworksBuildPhase;
			buildActionMask = 2147483647;
			files = (
			);
			runOnlyForDeploymentPostprocessing = 0;
		};
/* End PBXFrameworksBuildPhase section */

/* Begin PBXGroup section */
		A1234567890ABCDEF1234567890ABCDEF1234560 /* WebsiteToiOSApp */ = {
			isa = PBXGroup;
			children = (
				A1234567890ABCDEF1234567890ABCDEF1234567 /* WebsiteToiOSAppApp.swift */,
				A1234567890ABCDEF1234567890ABCDEF1234569 /* ContentView.swift */,
				A1234567890ABCDEF1234567890ABCDEF1234586 /* Models */,
				A1234567890ABCDEF1234567890ABCDEF1234587 /* ViewModels */,
				A1234567890ABCDEF1234567890ABCDEF1234588 /* Views */,
				A1234567890ABCDEF1234567890ABCDEF1234589 /* Services */,
				A1234567890ABCDEF1234567890ABCDEF123456B /* Assets.xcassets */,
				A1234567890ABCDEF1234567890ABCDEF1234585 /* WebsiteToiOSApp.entitlements */,
				A1234567890ABCDEF1234567890ABCDEF123456E /* Preview Content */,
			);
			path = WebsiteToiOSApp;
			sourceTree = "<group>";
		};
		A1234567890ABCDEF1234567890ABCDEF123456E /* Preview Content */ = {
			isa = PBXGroup;
			children = (
				A1234567890ABCDEF1234567890ABCDEF123456D /* Preview Assets.xcassets */,
			);
			path = "Preview Content";
			sourceTree = "<group>";
		};
		A1234567890ABCDEF1234567890ABCDEF1234586 /* Models */ = {
			isa = PBXGroup;
			children = (
				A1234567890ABCDEF1234567890ABCDEF123456F /* Project.swift */,
			);
			path = Models;
			sourceTree = "<group>";
		};
		A1234567890ABCDEF1234567890ABCDEF1234587 /* ViewModels */ = {
			isa = PBXGroup;
			children = (
				A1234567890ABCDEF1234567890ABCDEF1234571 /* WebsiteConversionViewModel.swift */,
			);
			path = ViewModels;
			sourceTree = "<group>";
		};
		A1234567890ABCDEF1234567890ABCDEF1234588 /* Views */ = {
			isa = PBXGroup;
			children = (
				A1234567890ABCDEF1234567890ABCDEF1234581 /* ProjectDetailView.swift */,
				A1234567890ABCDEF1234567890ABCDEF1234583 /* SettingsView.swift */,
				A1234567890ABCDEF1234567890ABCDEF1234585 /* ProjectEditView.swift */,
			);
			path = Views;
			sourceTree = "<group>";
		};
		A1234567890ABCDEF1234567890ABCDEF1234589 /* Services */ = {
			isa = PBXGroup;
			children = (
				A1234567890ABCDEF1234567890ABCDEF1234573 /* WebsiteAnalyzer.swift */,
				A1234567890ABCDEF1234567890ABCDEF1234575 /* AICodeGenerator.swift */,
				A1234567890ABCDEF1234567890ABCDEF1234577 /* OpenAIService.swift */,
				A1234567890ABCDEF1234567890ABCDEF1234579 /* OllamaService.swift */,
			);
			path = Services;
			sourceTree = "<group>";
		};
		A1234567890ABCDEF1234567890ABCDEF123455F /* Products */ = {
			isa = PBXGroup;
			children = (
				A1234567890ABCDEF1234567890ABCDEF1234566 /* WebsiteToiOSApp.app */,
			);
			name = Products;
			sourceTree = "<group>";
		};
		A1234567890ABCDEF1234567890ABCDEF123455E = {
			isa = PBXGroup;
			children = (
				A1234567890ABCDEF1234567890ABCDEF1234560 /* WebsiteToiOSApp */,
				A1234567890ABCDEF1234567890ABCDEF123455F /* Products */,
			);
			sourceTree = "<group>";
		};
/* End PBXGroup section */

/* Begin PBXNativeTarget section */
		A1234567890ABCDEF1234567890ABCDEF1234565 /* WebsiteToiOSApp */ = {
			isa = PBXNativeTarget;
			buildConfigurationList = A1234567890ABCDEF1234567890ABCDEF1234571 /* Build configuration list for PBXNativeTarget "WebsiteToiOSApp" */;
			buildPhases = (
				A1234567890ABCDEF1234567890ABCDEF1234562 /* Sources */,
				A1234567890ABCDEF1234567890ABCDEF1234563 /* Frameworks */,
				A1234567890ABCDEF1234567890ABCDEF1234564 /* Resources */,
			);
			buildRules = (
			);
			dependencies = (
			);
			name = WebsiteToiOSApp;
			productName = WebsiteToiOSApp;
			productReference = A1234567890ABCDEF1234567890ABCDEF1234566 /* WebsiteToiOSApp.app */;
			productType = "com.apple.product-type.application";
		};
/* End PBXNativeTarget section */

/* Begin PBXProject section */
		A1234567890ABCDEF1234567890ABCDEF123455F /* Project object */ = {
			isa = PBXProject;
			attributes = {
				BuildIndependentTargetsInParallel = 1;
				LastSwiftUpdateCheck = 1500;
				LastUpgradeCheck = 1500;
				TargetAttributes = {
					A1234567890ABCDEF1234567890ABCDEF1234565 = {
						CreatedOnToolsVersion = 15.0;
					};
				};
			};
			buildConfigurationList = A1234567890ABCDEF1234567890ABCDEF1234562 /* Build configuration list for PBXProject "WebsiteToiOSApp" */;
			compatibilityVersion = "Xcode 14.0";
			developmentRegion = en;
			hasScannedForEncodings = 0;
			knownRegions = (
				en,
				Base,
			);
			mainGroup = A1234567890ABCDEF1234567890ABCDEF123455E;
			productRefGroup = A1234567890ABCDEF1234567890ABCDEF123455F /* Products */;
			projectDirPath = "";
			projectRoot = "";
			targets = (
				A1234567890ABCDEF1234567890ABCDEF1234565 /* WebsiteToiOSApp */,
			);
		};
/* End PBXProject section */

/* Begin PBXResourcesBuildPhase section */
		A1234567890ABCDEF1234567890ABCDEF1234564 /* Resources */ = {
			isa = PBXResourcesBuildPhase;
			buildActionMask = 2147483647;
			files = (
				A1234567890ABCDEF1234567890ABCDEF123456C /* Preview Assets.xcassets in Resources */,
				A1234567890ABCDEF1234567890ABCDEF123456A /* Assets.xcassets in Resources */,
			);
			runOnlyForDeploymentPostprocessing = 0;
		};
/* End PBXResourcesBuildPhase section */

/* Begin PBXSourcesBuildPhase section */
		A1234567890ABCDEF1234567890ABCDEF1234562 /* Sources */ = {
			isa = PBXSourcesBuildPhase;
			buildActionMask = 2147483647;
			files = (
				A1234567890ABCDEF1234567890ABCDEF1234568 /* ContentView.swift in Sources */,
				A1234567890ABCDEF1234567890ABCDEF1234567 /* WebsiteToiOSAppApp.swift in Sources */,
				A1234567890ABCDEF1234567890ABCDEF123456E /* Project.swift in Sources */,
				A1234567890ABCDEF1234567890ABCDEF1234570 /* WebsiteConversionViewModel.swift in Sources */,
				A1234567890ABCDEF1234567890ABCDEF1234572 /* WebsiteAnalyzer.swift in Sources */,
				A1234567890ABCDEF1234567890ABCDEF1234574 /* AICodeGenerator.swift in Sources */,
				A1234567890ABCDEF1234567890ABCDEF1234576 /* OpenAIService.swift in Sources */,
				A1234567890ABCDEF1234567890ABCDEF1234578 /* OllamaService.swift in Sources */,
				A1234567890ABCDEF1234567890ABCDEF1234580 /* ProjectDetailView.swift in Sources */,
				A1234567890ABCDEF1234567890ABCDEF1234582 /* SettingsView.swift in Sources */,
				A1234567890ABCDEF1234567890ABCDEF1234584 /* ProjectEditView.swift in Sources */,
			);
			runOnlyForDeploymentPostprocessing = 0;
		};
/* End PBXSourcesBuildPhase section */

/* Begin XCBuildConfiguration section */
		A1234567890ABCDEF1234567890ABCDEF123456F /* Debug */ = {
			isa = XCBuildConfiguration;
			buildSettings = {
				ALWAYS_SEARCH_USER_PATHS = NO;
				ASSETCATALOG_COMPILER_GENERATE_SWIFT_ASSET_SYMBOL_EXTENSIONS = YES;
				CLANG_ANALYZER_NONNULL = YES;
				CLANG_ANALYZER_NUMBER_OBJECT_CONVERSION = YES_AGGRESSIVE;
				CLANG_CXX_LANGUAGE_STANDARD = "gnu++20";
				CLANG_ENABLE_MODULES = YES;
				CLANG_ENABLE_OBJC_ARC = YES;
				CLANG_ENABLE_OBJC_WEAK = YES;
				CLANG_WARN_BLOCK_CAPTURE_AUTORELEASING = YES;
				CLANG_WARN_BOOL_CONVERSION = YES;
				CLANG_WARN_COMMA = YES;
				CLANG_WARN_CONSTANT_CONVERSION = YES;
				CLANG_WARN_DEPRECATED_OBJC_IMPLEMENTATIONS = YES;
				CLANG_WARN_DIRECT_OBJC_ISA_USAGE = YES_ERROR;
				CLANG_WARN_DOCUMENTATION_COMMENTS = YES;
				CLANG_WARN_EMPTY_BODY = YES;
				CLANG_WARN_ENUM_CONVERSION = YES;
				CLANG_WARN_INFINITE_RECURSION = YES;
				CLANG_WARN_INT_CONVERSION = YES;
				CLANG_WARN_NON_LITERAL_NULL_CONVERSION = YES;
				CLANG_WARN_OBJC_IMPLICIT_RETAIN_SELF = YES;
				CLANG_WARN_OBJC_LITERAL_CONVERSION = YES;
				CLANG_WARN_OBJC_ROOT_CLASS = YES_ERROR;
				CLANG_WARN_QUOTED_INCLUDE_IN_FRAMEWORK_HEADER = YES;
				CLANG_WARN_RANGE_LOOP_ANALYSIS = YES;
				CLANG_WARN_STRICT_PROTOTYPES = YES;
				CLANG_WARN_SUSPICIOUS_MOVE = YES;
				CLANG_WARN_UNGUARDED_AVAILABILITY = YES_AGGRESSIVE;
				CLANG_WARN_UNREACHABLE_CODE = YES;
				CLANG_WARN__DUPLICATE_METHOD_MATCH = YES;
				COPY_PHASE_STRIP = NO;
				DEBUG_INFORMATION_FORMAT = dwarf;
				ENABLE_STRICT_OBJC_MSGSEND = YES;
				ENABLE_TESTABILITY = YES;
				ENABLE_USER_SCRIPT_SANDBOXING = YES;
				GCC_C_LANGUAGE_STANDARD = gnu17;
				GCC_DYNAMIC_NO_PIC = NO;
				GCC_NO_COMMON_BLOCKS = YES;
				GCC_OPTIMIZATION_LEVEL = 0;
				GCC_PREPROCESSOR_DEFINITIONS = (
					"DEBUG=1",
					"$(inherited)",
				);
				GCC_WARN_64_TO_32_BIT_CONVERSION = YES;
				GCC_WARN_ABOUT_RETURN_TYPE = YES_ERROR;
				GCC_WARN_UNDECLARED_SELECTOR = YES;
				GCC_WARN_UNINITIALIZED_AUTOS = YES_AGGRESSIVE;
				GCC_WARN_UNUSED_FUNCTION = YES;
				GCC_WARN_UNUSED_VARIABLE = YES;
				LOCALIZATION_PREFERS_STRING_CATALOGS = YES;
				MACOSX_DEPLOYMENT_TARGET = 14.0;
				MTL_ENABLE_DEBUG_INFO = INCLUDE_SOURCE;
				MTL_FAST_MATH = YES;
				ONLY_ACTIVE_ARCH = YES;
				SDKROOT = macosx;
				SWIFT_ACTIVE_COMPILATION_CONDITIONS = "DEBUG $(inherited)";
				SWIFT_OPTIMIZATION_LEVEL = "-Onone";
			};
			name = Debug;
		};
		A1234567890ABCDEF1234567890ABCDEF1234570 /* Release */ = {
			isa = XCBuildConfiguration;
			buildSettings = {
				ALWAYS_SEARCH_USER_PATHS = NO;
				ASSETCATALOG_COMPILER_GENERATE_SWIFT_ASSET_SYMBOL_EXTENSIONS = YES;
				CLANG_ANALYZER_NONNULL = YES;
				CLANG_ANALYZER_NUMBER_OBJECT_CONVERSION = YES_AGGRESSIVE;
				CLANG_CXX_LANGUAGE_STANDARD = "gnu++20";
				CLANG_ENABLE_MODULES = YES;
				CLANG_ENABLE_OBJC_ARC = YES;
				CLANG_ENABLE_OBJC_WEAK = YES;
				CLANG_WARN_BLOCK_CAPTURE_AUTORELEASING = YES;
				CLANG_WARN_BOOL_CONVERSION = YES;
				CLANG_WARN_COMMA = YES;
				CLANG_WARN_CONSTANT_CONVERSION = YES;
				CLANG_WARN_DEPRECATED_OBJC_IMPLEMENTATIONS = YES;
				CLANG_WARN_DIRECT_OBJC_ISA_USAGE = YES_ERROR;
				CLANG_WARN_DOCUMENTATION_COMMENTS = YES;
				CLANG_WARN_EMPTY_BODY = YES;
				CLANG_WARN_ENUM_CONVERSION = YES;
				CLANG_WARN_INFINITE_RECURSION = YES;
				CLANG_WARN_INT_CONVERSION = YES;
				CLANG_WARN_NON_LITERAL_NULL_CONVERSION = YES;
				CLANG_WARN_OBJC_IMPLICIT_RETAIN_SELF = YES;
				CLANG_WARN_OBJC_LITERAL_CONVERSION = YES;
				CLANG_WARN_OBJC_ROOT_CLASS = YES_ERROR;
				CLANG_WARN_QUOTED_INCLUDE_IN_FRAMEWORK_HEADER = YES;
				CLANG_WARN_RANGE_LOOP_ANALYSIS = YES;
				CLANG_WARN_STRICT_PROTOTYPES = YES;
				CLANG_WARN_SUSPICIOUS_MOVE = YES;
				CLANG_WARN_UNGUARDED_AVAILABILITY = YES_AGGRESSIVE;
				CLANG_WARN_UNREACHABLE_CODE = YES;
				CLANG_WARN__DUPLICATE_METHOD_MATCH = YES;
				COPY_PHASE_STRIP = NO;
				DEBUG_INFORMATION_FORMAT = "dwarf-with-dsym";
				ENABLE_NS_ASSERTIONS = NO;
				ENABLE_STRICT_OBJC_MSGSEND = YES;
				ENABLE_USER_SCRIPT_SANDBOXING = YES;
				GCC_C_LANGUAGE_STANDARD = gnu17;
				GCC_NO_COMMON_BLOCKS = YES;
				GCC_WARN_64_TO_32_BIT_CONVERSION = YES;
				GCC_WARN_ABOUT_RETURN_TYPE = YES_ERROR;
				GCC_WARN_UNDECLARED_SELECTOR = YES;
				GCC_WARN_UNINITIALIZED_AUTOS = YES_AGGRESSIVE;
				GCC_WARN_UNUSED_FUNCTION = YES;
				GCC_WARN_UNUSED_VARIABLE = YES;
				LOCALIZATION_PREFERS_STRING_CATALOGS = YES;
				MACOSX_DEPLOYMENT_TARGET = 14.0;
				MTL_ENABLE_DEBUG_INFO = NO;
				MTL_FAST_MATH = YES;
				SDKROOT = macosx;
				SWIFT_COMPILATION_MODE = wholemodule;
			};
			name = Release;
		};
		A1234567890ABCDEF1234567890ABCDEF1234572 /* Debug */ = {
			isa = XCBuildConfiguration;
			buildSettings = {
				ASSETCATALOG_COMPILER_APPICON_NAME = AppIcon;
				ASSETCATALOG_COMPILER_GLOBAL_ACCENT_COLOR_NAME = AccentColor;
				CODE_SIGN_ENTITLEMENTS = WebsiteToiOSApp/WebsiteToiOSApp.entitlements;
				CODE_SIGN_STYLE = Automatic;
				COMBINE_HIDPI_IMAGES = YES;
				CURRENT_PROJECT_VERSION = 1;
				DEVELOPMENT_ASSET_PATHS = "\"WebsiteToiOSApp/Preview Content\"";
				ENABLE_PREVIEWS = YES;
				GENERATE_INFOPLIST_FILE = YES;
				INFOPLIST_KEY_NSHumanReadableCopyright = "";
				LD_RUNPATH_SEARCH_PATHS = (
					"$(inherited)",
					"@executable_path/../Frameworks",
				);
				MARKETING_VERSION = 1.0;
				PRODUCT_BUNDLE_IDENTIFIER = com.websitetoiOS.WebsiteToiOSApp;
				PRODUCT_NAME = "$(TARGET_NAME)";
				SWIFT_EMIT_LOC_STRINGS = YES;
				SWIFT_VERSION = 5.0;
			};
			name = Debug;
		};
		A1234567890ABCDEF1234567890ABCDEF1234573 /* Release */ = {
			isa = XCBuildConfiguration;
			buildSettings = {
				ASSETCATALOG_COMPILER_APPICON_NAME = AppIcon;
				ASSETCATALOG_COMPILER_GLOBAL_ACCENT_COLOR_NAME = AccentColor;
				CODE_SIGN_ENTITLEMENTS = WebsiteToiOSApp/WebsiteToiOSApp.entitlements;
				CODE_SIGN_STYLE = Automatic;
				COMBINE_HIDPI_IMAGES = YES;
				CURRENT_PROJECT_VERSION = 1;
				DEVELOPMENT_ASSET_PATHS = "\"WebsiteToiOSApp/Preview Content\"";
				ENABLE_PREVIEWS = YES;
				GENERATE_INFOPLIST_FILE = YES;
				INFOPLIST_KEY_NSHumanReadableCopyright = "";
				LD_RUNPATH_SEARCH_PATHS = (
					"$(inherited)",
					"@executable_path/../Frameworks",
				);
				MARKETING_VERSION = 1.0;
				PRODUCT_BUNDLE_IDENTIFIER = com.websitetoiOS.WebsiteToiOSApp;
				PRODUCT_NAME = "$(TARGET_NAME)";
				SWIFT_EMIT_LOC_STRINGS = YES;
				SWIFT_VERSION = 5.0;
			};
			name = Release;
		};
/* End XCBuildConfiguration section */

/* Begin XCConfigurationList section */
		A1234567890ABCDEF1234567890ABCDEF1234562 /* Build configuration list for PBXProject "WebsiteToiOSApp" */ = {
			isa = XCConfigurationList;
			buildConfigurations = (
				A1234567890ABCDEF1234567890ABCDEF123456F /* Debug */,
				A1234567890ABCDEF1234567890ABCDEF1234570 /* Release */,
			);
			defaultConfigurationIsVisible = 0;
			defaultConfigurationName = Release;
		};
		A1234567890ABCDEF1234567890ABCDEF1234571 /* Build configuration list for PBXNativeTarget "WebsiteToiOSApp" */ = {
			isa = XCConfigurationList;
			buildConfigurations = (
				A1234567890ABCDEF1234567890ABCDEF1234572 /* Debug */,
				A1234567890ABCDEF1234567890ABCDEF1234573 /* Release */,
			);
			defaultConfigurationIsVisible = 0;
			defaultConfigurationName = Release;
		};
/* End XCConfigurationList section */
	};
	rootObject = A1234567890ABCDEF1234567890ABCDEF123455F /* Project object */;
}